
Microsoft Visual Studio Solution File, Format Version 12.00
# Visual Studio 15
VisualStudioVersion = 15.0.33529.398
MinimumVisualStudioVersion = 10.0.40219.1
Project("{8BC9CEB8-8B4A-11D0-8D11-00A0C91BC942}") = "Fasada", "Fasada\Fasada.vcxproj", "{91390E31-4BD3-4198-8656-0BFD79ABC2F8}"
EndProject
Global
	GlobalSection(SolutionConfigurationPlatforms) = preSolution
		Debug|x64 = Debug|x64
		Debug|x86 = Debug|x86
		Release|x64 = Release|x64
		Release|x86 = Release|x86
	EndGlobalSection
	GlobalSection(ProjectConfigurationPlatforms) = postSolution
		{91390E31-4BD3-4198-8656-0BFD79ABC2F8}.Debug|x64.ActiveCfg = Debug|x64
		{91390E31-4BD3-4198-8656-0BFD79ABC2F8}.Debug|x64.Build.0 = Debug|x64
		{91390E31-4BD3-4198-8656-0BFD79ABC2F8}.Debug|x86.ActiveCfg = Debug|Win32
		{91390E31-4BD3-4198-8656-0BFD79ABC2F8}.Debug|x86.Build.0 = Debug|Win32
		{91390E31-4BD3-4198-8656-0BFD79ABC2F8}.Release|x64.ActiveCfg = Release|x64
		{91390E31-4BD3-4198-8656-0BFD79ABC2F8}.Release|x64.Build.0 = Release|x64
		{91390E31-4BD3-4198-8656-0BFD79ABC2F8}.Release|x86.ActiveCfg = Release|Win32
		{91390E31-4BD3-4198-8656-0BFD79ABC2F8}.Release|x86.Build.0 = Release|Win32
	EndGlobalSection
	GlobalSection(SolutionProperties) = preSolution
		HideSolutionNode = FALSE
	EndGlobalSection
	GlobalSection(ExtensibilityGlobals) = postSolution
		SolutionGuid = {7D02D2D2-20A0-42AC-837A-782BD173DCD5}
	EndGlobalSection
EndGlobal
